# THIS IS AN AUTOGENERATED FILE. DO NOT EDIT THIS FILE DIRECTLY.
# yarn lockfile v1
iconv:
  version "2.2.3"
  resolved "https://registry.yarnpkg.com/iconv/-/iconv-2.2.3.tgz#e084d60eeb7d73da7f0a9c096e4c8abe090bfaed"
  dependencies:
    nan "^2.3.5"

nan@^2.3.5:
  version "2.6.2"
  resolved "https://registry.yarnpkg.com/nan/-/nan-2.6.2.tgz#e4ff34e6c95fdfb5aecc08de6596f43605a7db45"

